# This file is automatically @generated by Cargo.
# It is not intended for manual editing.
version = 4

[[package]]
name = "rust-obf-lto-app"
version = "0.1.0"
dependencies = [
 "rust-obf-lto-chosen",
 "rust-obf-lto-plain",
]

[[package]]
name = "rust-obf-lto-chosen"
version = "0.1.0"

[[package]]
name = "rust-obf-lto-plain"
version = "0.1.0"
