# This file is automatically @generated by Cargo.
# It is not intended for manual editing.
version = 4

[[package]]
name = "obf-output-bin"
version = "0.1.0"

[[package]]
name = "obf-output-cdylib"
version = "0.1.0"

[[package]]
name = "obf-output-dylib"
version = "0.1.0"

[[package]]
name = "obf-output-dylib-consumer"
version = "0.1.0"
dependencies = [
 "obf-output-dylib",
]

[[package]]
name = "obf-output-rlib"
version = "0.1.0"

[[package]]
name = "obf-output-rlib-consumer"
version = "0.1.0"
dependencies = [
 "obf-output-rlib",
]

[[package]]
name = "obf-output-staticlib"
version = "0.1.0"
